{
  "object": {
    "pins": [
      {
        "package": "Debug",
        "repositoryURL": "https://github.com/BergerBytes/swift-debug.git",
        "state": {
          "branch": null,
          "revision": "a53983cd1a28bc33294ae0e2eeaef30bad7281b2",
          "version": "1.5.1"
        }
      }
    ]
  },
  "version": 1
}
